// !$*UTF8*$!
{
	archiveVersion = 1;
	classes = {
	};
	objectVersion = 56;
	objects = {

/* Begin PBXBuildFile section */
		AC15DCCE2B51F0BA00B5BD05 /* AlertInfo.swift in Sources */ = {isa = PBXBuildFile; fileRef = AC15DCCD2B51F0BA00B5BD05 /* AlertInfo.swift */; };
		AC15DCD02B51F6EE00B5BD05 /* ResponderTextField.swift in Sources */ = {isa = PBXBuildFile; fileRef = AC15DCCF2B51F6EE00B5BD05 /* ResponderTextField.swift */; };
		AC15DCD22B52205A00B5BD05 /* FocusAwareTextField.swift in Sources */ = {isa = PBXBuildFile; fileRef = AC15DCD12B52205A00B5BD05 /* FocusAwareTextField.swift */; };
		AC15DCD42B52225300B5BD05 /* NotificationName.swift in Sources */ = {isa = PBXBuildFile; fileRef = AC15DCD32B52225300B5BD05 /* NotificationName.swift */; };
		AC1AE03F2AE0523300952CC4 /* SubRip_ResyncApp.swift in Sources */ = {isa = PBXBuildFile; fileRef = AC1AE03E2AE0523300952CC4 /* SubRip_ResyncApp.swift */; };
		AC1AE0412AE0523300952CC4 /* ContentView.swift in Sources */ = {isa = PBXBuildFile; fileRef = AC1AE0402AE0523300952CC4 /* ContentView.swift */; };
		AC1AE0432AE0523400952CC4 /* Assets.xcassets in Resources */ = {isa = PBXBuildFile; fileRef = AC1AE0422AE0523400952CC4 /* Assets.xcassets */; };
		AC1AE0462AE0523400952CC4 /* Preview Assets.xcassets in Resources */ = {isa = PBXBuildFile; fileRef = AC1AE0452AE0523400952CC4 /* Preview Assets.xcassets */; };
		AC1AE0502AE0530600952CC4 /* Subtitle.swift in Sources */ = {isa = PBXBuildFile; fileRef = AC1AE04F2AE0530600952CC4 /* Subtitle.swift */; };
		AC1AE0532AE0533400952CC4 /* ContentViewModel.swift in Sources */ = {isa = PBXBuildFile; fileRef = AC1AE0522AE0533400952CC4 /* ContentViewModel.swift */; };
		AC1AE0552AE054D800952CC4 /* LogoView.swift in Sources */ = {isa = PBXBuildFile; fileRef = AC1AE0542AE054D800952CC4 /* LogoView.swift */; };
		AC1AE0572AE0739700952CC4 /* DropHereView.swift in Sources */ = {isa = PBXBuildFile; fileRef = AC1AE0562AE0739700952CC4 /* DropHereView.swift */; };
		AC3EF1BF2B4BDD740095BFB7 /* AppViewModel.swift in Sources */ = {isa = PBXBuildFile; fileRef = AC3EF1BE2B4BDD740095BFB7 /* AppViewModel.swift */; };
		AC668C1F2AE0C79D0057816A /* Time.swift in Sources */ = {isa = PBXBuildFile; fileRef = AC668C1E2AE0C79D0057816A /* Time.swift */; };
		AC835FF82AE1F0090066E133 /* SubtitleRow.swift in Sources */ = {isa = PBXBuildFile; fileRef = AC835FF72AE1F0090066E133 /* SubtitleRow.swift */; };
		AC835FFA2AE1F16A0066E133 /* ContentView+DropDelegate.swift in Sources */ = {isa = PBXBuildFile; fileRef = AC835FF92AE1F16A0066E133 /* ContentView+DropDelegate.swift */; };
		ACA3ECE62AE407F5009CAE45 /* Settings.swift in Sources */ = {isa = PBXBuildFile; fileRef = ACA3ECE52AE407F5009CAE45 /* Settings.swift */; };
		ACA3ECE82AE40820009CAE45 /* SettingsView.swift in Sources */ = {isa = PBXBuildFile; fileRef = ACA3ECE72AE40820009CAE45 /* SettingsView.swift */; };
		ACA3ECEF2AE4BF94009CAE45 /* CloseButton.swift in Sources */ = {isa = PBXBuildFile; fileRef = ACA3ECEE2AE4BF94009CAE45 /* CloseButton.swift */; };
		ACA3ECF12AE4C41F009CAE45 /* SelectedFile.swift in Sources */ = {isa = PBXBuildFile; fileRef = ACA3ECF02AE4C41F009CAE45 /* SelectedFile.swift */; };
		ACE07E332AE2E8F10099A2FF /* SRTService.swift in Sources */ = {isa = PBXBuildFile; fileRef = ACE07E322AE2E8F10099A2FF /* SRTService.swift */; };
		ACE07E352AE2F2E60099A2FF /* ASSService.swift in Sources */ = {isa = PBXBuildFile; fileRef = ACE07E342AE2F2E60099A2FF /* ASSService.swift */; };
		ACE07E372AE2F82B0099A2FF /* SubtitleService.swift in Sources */ = {isa = PBXBuildFile; fileRef = ACE07E362AE2F82B0099A2FF /* SubtitleService.swift */; };
		ACE07E392AE2FD150099A2FF /* SRTTime.swift in Sources */ = {isa = PBXBuildFile; fileRef = ACE07E382AE2FD150099A2FF /* SRTTime.swift */; };
		ACE07E3B2AE2FD200099A2FF /* ASSTime.swift in Sources */ = {isa = PBXBuildFile; fileRef = ACE07E3A2AE2FD200099A2FF /* ASSTime.swift */; };
/* End PBXBuildFile section */

/* Begin PBXFileReference section */
		AC15DCCD2B51F0BA00B5BD05 /* AlertInfo.swift */ = {isa = PBXFileReference; lastKnownFileType = sourcecode.swift; path = AlertInfo.swift; sourceTree = "<group>"; };
		AC15DCCF2B51F6EE00B5BD05 /* ResponderTextField.swift */ = {isa = PBXFileReference; lastKnownFileType = sourcecode.swift; path = ResponderTextField.swift; sourceTree = "<group>"; };
		AC15DCD12B52205A00B5BD05 /* FocusAwareTextField.swift */ = {isa = PBXFileReference; lastKnownFileType = sourcecode.swift; path = FocusAwareTextField.swift; sourceTree = "<group>"; };
		AC15DCD32B52225300B5BD05 /* NotificationName.swift */ = {isa = PBXFileReference; lastKnownFileType = sourcecode.swift; path = NotificationName.swift; sourceTree = "<group>"; };
		AC1AE03B2AE0523300952CC4 /* SubRip Resync.app */ = {isa = PBXFileReference; explicitFileType = wrapper.application; includeInIndex = 0; path = "SubRip Resync.app"; sourceTree = BUILT_PRODUCTS_DIR; };
		AC1AE03E2AE0523300952CC4 /* SubRip_ResyncApp.swift */ = {isa = PBXFileReference; lastKnownFileType = sourcecode.swift; path = SubRip_ResyncApp.swift; sourceTree = "<group>"; };
		AC1AE0402AE0523300952CC4 /* ContentView.swift */ = {isa = PBXFileReference; lastKnownFileType = sourcecode.swift; path = ContentView.swift; sourceTree = "<group>"; };
		AC1AE0422AE0523400952CC4 /* Assets.xcassets */ = {isa = PBXFileReference; lastKnownFileType = folder.assetcatalog; path = Assets.xcassets; sourceTree = "<group>"; };
		AC1AE0452AE0523400952CC4 /* Preview Assets.xcassets */ = {isa = PBXFileReference; lastKnownFileType = folder.assetcatalog; path = "Preview Assets.xcassets"; sourceTree = "<group>"; };
		AC1AE0472AE0523400952CC4 /* SubRip_Resync.entitlements */ = {isa = PBXFileReference; lastKnownFileType = text.plist.entitlements; path = SubRip_Resync.entitlements; sourceTree = "<group>"; };
		AC1AE04F2AE0530600952CC4 /* Subtitle.swift */ = {isa = PBXFileReference; lastKnownFileType = sourcecode.swift; path = Subtitle.swift; sourceTree = "<group>"; };
		AC1AE0522AE0533400952CC4 /* ContentViewModel.swift */ = {isa = PBXFileReference; lastKnownFileType = sourcecode.swift; path = ContentViewModel.swift; sourceTree = "<group>"; };
		AC1AE0542AE054D800952CC4 /* LogoView.swift */ = {isa = PBXFileReference; lastKnownFileType = sourcecode.swift; path = LogoView.swift; sourceTree = "<group>"; };
		AC1AE0562AE0739700952CC4 /* DropHereView.swift */ = {isa = PBXFileReference; lastKnownFileType = sourcecode.swift; path = DropHereView.swift; sourceTree = "<group>"; };
		AC3EF1BB2B4AEC400095BFB7 /* Config.xcconfig */ = {isa = PBXFileReference; lastKnownFileType = text.xcconfig; path = Config.xcconfig; sourceTree = "<group>"; };
		AC3EF1BD2B4AF0010095BFB7 /* version.sh */ = {isa = PBXFileReference; lastKnownFileType = text.script.sh; path = version.sh; sourceTree = "<group>"; };
		AC3EF1BE2B4BDD740095BFB7 /* AppViewModel.swift */ = {isa = PBXFileReference; lastKnownFileType = sourcecode.swift; path = AppViewModel.swift; sourceTree = "<group>"; };
		AC668C1E2AE0C79D0057816A /* Time.swift */ = {isa = PBXFileReference; lastKnownFileType = sourcecode.swift; path = Time.swift; sourceTree = "<group>"; };
		AC835FF72AE1F0090066E133 /* SubtitleRow.swift */ = {isa = PBXFileReference; lastKnownFileType = sourcecode.swift; path = SubtitleRow.swift; sourceTree = "<group>"; };
		AC835FF92AE1F16A0066E133 /* ContentView+DropDelegate.swift */ = {isa = PBXFileReference; lastKnownFileType = sourcecode.swift; path = "ContentView+DropDelegate.swift"; sourceTree = "<group>"; };
		AC835FFB2AE1F8D80066E133 /* AppIcon.playground */ = {isa = PBXFileReference; lastKnownFileType = file.playground; path = AppIcon.playground; sourceTree = "<group>"; xcLanguageSpecificationIdentifier = xcode.lang.swift; };
		ACA3ECE52AE407F5009CAE45 /* Settings.swift */ = {isa = PBXFileReference; lastKnownFileType = sourcecode.swift; path = Settings.swift; sourceTree = "<group>"; };
		ACA3ECE72AE40820009CAE45 /* SettingsView.swift */ = {isa = PBXFileReference; lastKnownFileType = sourcecode.swift; path = SettingsView.swift; sourceTree = "<group>"; };
		ACA3ECEE2AE4BF94009CAE45 /* CloseButton.swift */ = {isa = PBXFileReference; lastKnownFileType = sourcecode.swift; path = CloseButton.swift; sourceTree = "<group>"; };
		ACA3ECF02AE4C41F009CAE45 /* SelectedFile.swift */ = {isa = PBXFileReference; lastKnownFileType = sourcecode.swift; path = SelectedFile.swift; sourceTree = "<group>"; };
		ACE07E322AE2E8F10099A2FF /* SRTService.swift */ = {isa = PBXFileReference; lastKnownFileType = sourcecode.swift; path = SRTService.swift; sourceTree = "<group>"; };
		ACE07E342AE2F2E60099A2FF /* ASSService.swift */ = {isa = PBXFileReference; lastKnownFileType = sourcecode.swift; path = ASSService.swift; sourceTree = "<group>"; };
		ACE07E362AE2F82B0099A2FF /* SubtitleService.swift */ = {isa = PBXFileReference; lastKnownFileType = sourcecode.swift; path = SubtitleService.swift; sourceTree = "<group>"; };
		ACE07E382AE2FD150099A2FF /* SRTTime.swift */ = {isa = PBXFileReference; lastKnownFileType = sourcecode.swift; path = SRTTime.swift; sourceTree = "<group>"; };
		ACE07E3A2AE2FD200099A2FF /* ASSTime.swift */ = {isa = PBXFileReference; lastKnownFileType = sourcecode.swift; path = ASSTime.swift; sourceTree = "<group>"; };
/* End PBXFileReference section */

/* Begin PBXFrameworksBuildPhase section */
		AC1AE0382AE0523300952CC4 /* Frameworks */ = {
			isa = PBXFrameworksBuildPhase;
			buildActionMask = 2147483647;
			files = (
			);
			runOnlyForDeploymentPostprocessing = 0;
		};
/* End PBXFrameworksBuildPhase section */

/* Begin PBXGroup section */
		AC1AE0322AE0523300952CC4 = {
			isa = PBXGroup;
			children = (
				AC835FFB2AE1F8D80066E133 /* AppIcon.playground */,
				AC1AE03D2AE0523300952CC4 /* SubRip Resync */,
				AC1AE03C2AE0523300952CC4 /* Products */,
			);
			sourceTree = "<group>";
		};
		AC1AE03C2AE0523300952CC4 /* Products */ = {
			isa = PBXGroup;
			children = (
				AC1AE03B2AE0523300952CC4 /* SubRip Resync.app */,
			);
			name = Products;
			sourceTree = "<group>";
		};
		AC1AE03D2AE0523300952CC4 /* SubRip Resync */ = {
			isa = PBXGroup;
			children = (
				AC1AE0472AE0523400952CC4 /* SubRip_Resync.entitlements */,
				AC3EF1BD2B4AF0010095BFB7 /* version.sh */,
				AC1AE03E2AE0523300952CC4 /* SubRip_ResyncApp.swift */,
				AC1AE0422AE0523400952CC4 /* Assets.xcassets */,
				AC3EF1BB2B4AEC400095BFB7 /* Config.xcconfig */,
				AC1AE04E2AE052FB00952CC4 /* Model */,
				AC1AE0442AE0523400952CC4 /* Preview Content */,
				ACE07E312AE2E8DE0099A2FF /* Services */,
				AC1AE04D2AE052EE00952CC4 /* View */,
				AC1AE0512AE0532700952CC4 /* ViewModel */,
			);
			path = "SubRip Resync";
			sourceTree = "<group>";
		};
		AC1AE0442AE0523400952CC4 /* Preview Content */ = {
			isa = PBXGroup;
			children = (
				AC1AE0452AE0523400952CC4 /* Preview Assets.xcassets */,
			);
			path = "Preview Content";
			sourceTree = "<group>";
		};
		AC1AE04D2AE052EE00952CC4 /* View */ = {
			isa = PBXGroup;
			children = (
				ACA3ECEE2AE4BF94009CAE45 /* CloseButton.swift */,
				AC1AE0402AE0523300952CC4 /* ContentView.swift */,
				AC835FF92AE1F16A0066E133 /* ContentView+DropDelegate.swift */,
				AC1AE0562AE0739700952CC4 /* DropHereView.swift */,
				AC15DCD12B52205A00B5BD05 /* FocusAwareTextField.swift */,
				AC1AE0542AE054D800952CC4 /* LogoView.swift */,
				AC15DCCF2B51F6EE00B5BD05 /* ResponderTextField.swift */,
				ACA3ECE72AE40820009CAE45 /* SettingsView.swift */,
				AC835FF72AE1F0090066E133 /* SubtitleRow.swift */,
			);
			path = View;
			sourceTree = "<group>";
		};
		AC1AE04E2AE052FB00952CC4 /* Model */ = {
			isa = PBXGroup;
			children = (
				AC15DCCD2B51F0BA00B5BD05 /* AlertInfo.swift */,
				ACE07E3A2AE2FD200099A2FF /* ASSTime.swift */,
				AC15DCD32B52225300B5BD05 /* NotificationName.swift */,
				ACA3ECF02AE4C41F009CAE45 /* SelectedFile.swift */,
				ACA3ECE52AE407F5009CAE45 /* Settings.swift */,
				ACE07E382AE2FD150099A2FF /* SRTTime.swift */,
				AC1AE04F2AE0530600952CC4 /* Subtitle.swift */,
				AC668C1E2AE0C79D0057816A /* Time.swift */,
			);
			path = Model;
			sourceTree = "<group>";
		};
		AC1AE0512AE0532700952CC4 /* ViewModel */ = {
			isa = PBXGroup;
			children = (
				AC3EF1BE2B4BDD740095BFB7 /* AppViewModel.swift */,
				AC1AE0522AE0533400952CC4 /* ContentViewModel.swift */,
			);
			path = ViewModel;
			sourceTree = "<group>";
		};
		ACE07E312AE2E8DE0099A2FF /* Services */ = {
			isa = PBXGroup;
			children = (
				ACE07E342AE2F2E60099A2FF /* ASSService.swift */,
				ACE07E322AE2E8F10099A2FF /* SRTService.swift */,
				ACE07E362AE2F82B0099A2FF /* SubtitleService.swift */,
			);
			path = Services;
			sourceTree = "<group>";
		};
/* End PBXGroup section */

/* Begin PBXNativeTarget section */
		AC1AE03A2AE0523300952CC4 /* SubRip Resync */ = {
			isa = PBXNativeTarget;
			buildConfigurationList = AC1AE04A2AE0523400952CC4 /* Build configuration list for PBXNativeTarget "SubRip Resync" */;
			buildPhases = (
				AC1AE0372AE0523300952CC4 /* Sources */,
				AC1AE0382AE0523300952CC4 /* Frameworks */,
				AC1AE0392AE0523300952CC4 /* Resources */,
				AC668C202AE0D0220057816A /* SwiftLint */,
			);
			buildRules = (
			);
			dependencies = (
			);
			name = "SubRip Resync";
			productName = "SubRip Resync";
			productReference = AC1AE03B2AE0523300952CC4 /* SubRip Resync.app */;
			productType = "com.apple.product-type.application";
		};
/* End PBXNativeTarget section */

/* Begin PBXProject section */
		AC1AE0332AE0523300952CC4 /* Project object */ = {
			isa = PBXProject;
			attributes = {
				BuildIndependentTargetsInParallel = 1;
				LastSwiftUpdateCheck = 1500;
				LastUpgradeCheck = 1510;
				TargetAttributes = {
					AC1AE03A2AE0523300952CC4 = {
						CreatedOnToolsVersion = 15.0;
					};
				};
			};
			buildConfigurationList = AC1AE0362AE0523300952CC4 /* Build configuration list for PBXProject "SubRip Resync" */;
			compatibilityVersion = "Xcode 14.0";
			developmentRegion = en;
			hasScannedForEncodings = 0;
			knownRegions = (
				en,
				Base,
			);
			mainGroup = AC1AE0322AE0523300952CC4;
			productRefGroup = AC1AE03C2AE0523300952CC4 /* Products */;
			projectDirPath = "";
			projectRoot = "";
			targets = (
				AC1AE03A2AE0523300952CC4 /* SubRip Resync */,
			);
		};
/* End PBXProject section */

/* Begin PBXResourcesBuildPhase section */
		AC1AE0392AE0523300952CC4 /* Resources */ = {
			isa = PBXResourcesBuildPhase;
			buildActionMask = 2147483647;
			files = (
				AC1AE0462AE0523400952CC4 /* Preview Assets.xcassets in Resources */,
				AC1AE0432AE0523400952CC4 /* Assets.xcassets in Resources */,
			);
			runOnlyForDeploymentPostprocessing = 0;
		};
/* End PBXResourcesBuildPhase section */

/* Begin PBXShellScriptBuildPhase section */
		AC668C202AE0D0220057816A /* SwiftLint */ = {
			isa = PBXShellScriptBuildPhase;
			alwaysOutOfDate = 1;
			buildActionMask = 2147483647;
			files = (
			);
			inputFileListPaths = (
			);
			inputPaths = (
			);
			name = SwiftLint;
			outputFileListPaths = (
			);
			outputPaths = (
			);
			runOnlyForDeploymentPostprocessing = 0;
			shellPath = /bin/sh;
			shellScript = "if [[ \"$(uname -m)\" == arm64 ]]; then\n    export PATH=\"/opt/homebrew/bin:$PATH\"\nfi\n\nif which swiftlint > /dev/null; then\n  swiftlint\nelse\n  echo \"warning: SwiftLint not installed, download from https://github.com/realm/SwiftLint\"\nfi\n\n";
		};
/* End PBXShellScriptBuildPhase section */

/* Begin PBXSourcesBuildPhase section */
		AC1AE0372AE0523300952CC4 /* Sources */ = {
			isa = PBXSourcesBuildPhase;
			buildActionMask = 2147483647;
			files = (
				AC835FF82AE1F0090066E133 /* SubtitleRow.swift in Sources */,
				ACE07E332AE2E8F10099A2FF /* SRTService.swift in Sources */,
				AC3EF1BF2B4BDD740095BFB7 /* AppViewModel.swift in Sources */,
				AC1AE0552AE054D800952CC4 /* LogoView.swift in Sources */,
				AC835FFA2AE1F16A0066E133 /* ContentView+DropDelegate.swift in Sources */,
				AC15DCD02B51F6EE00B5BD05 /* ResponderTextField.swift in Sources */,
				ACE07E3B2AE2FD200099A2FF /* ASSTime.swift in Sources */,
				AC15DCCE2B51F0BA00B5BD05 /* AlertInfo.swift in Sources */,
				ACE07E352AE2F2E60099A2FF /* ASSService.swift in Sources */,
				ACA3ECEF2AE4BF94009CAE45 /* CloseButton.swift in Sources */,
				AC15DCD42B52225300B5BD05 /* NotificationName.swift in Sources */,
				AC1AE0532AE0533400952CC4 /* ContentViewModel.swift in Sources */,
				ACA3ECF12AE4C41F009CAE45 /* SelectedFile.swift in Sources */,
				AC668C1F2AE0C79D0057816A /* Time.swift in Sources */,
				ACE07E392AE2FD150099A2FF /* SRTTime.swift in Sources */,
				ACA3ECE82AE40820009CAE45 /* SettingsView.swift in Sources */,
				AC15DCD22B52205A00B5BD05 /* FocusAwareTextField.swift in Sources */,
				ACA3ECE62AE407F5009CAE45 /* Settings.swift in Sources */,
				AC1AE0502AE0530600952CC4 /* Subtitle.swift in Sources */,
				AC1AE0572AE0739700952CC4 /* DropHereView.swift in Sources */,
				ACE07E372AE2F82B0099A2FF /* SubtitleService.swift in Sources */,
				AC1AE0412AE0523300952CC4 /* ContentView.swift in Sources */,
				AC1AE03F2AE0523300952CC4 /* SubRip_ResyncApp.swift in Sources */,
			);
			runOnlyForDeploymentPostprocessing = 0;
		};
/* End PBXSourcesBuildPhase section */

/* Begin XCBuildConfiguration section */
		AC1AE0482AE0523400952CC4 /* Debug */ = {
			isa = XCBuildConfiguration;
			buildSettings = {
				ALWAYS_SEARCH_USER_PATHS = NO;
				ASSETCATALOG_COMPILER_GENERATE_SWIFT_ASSET_SYMBOL_EXTENSIONS = YES;
				CLANG_ANALYZER_NONNULL = YES;
				CLANG_ANALYZER_NUMBER_OBJECT_CONVERSION = YES_AGGRESSIVE;
				CLANG_CXX_LANGUAGE_STANDARD = "gnu++20";
				CLANG_ENABLE_MODULES = YES;
				CLANG_ENABLE_OBJC_ARC = YES;
				CLANG_ENABLE_OBJC_WEAK = YES;
				CLANG_WARN_BLOCK_CAPTURE_AUTORELEASING = YES;
				CLANG_WARN_BOOL_CONVERSION = YES;
				CLANG_WARN_COMMA = YES;
				CLANG_WARN_CONSTANT_CONVERSION = YES;
				CLANG_WARN_DEPRECATED_OBJC_IMPLEMENTATIONS = YES;
				CLANG_WARN_DIRECT_OBJC_ISA_USAGE = YES_ERROR;
				CLANG_WARN_DOCUMENTATION_COMMENTS = YES;
				CLANG_WARN_EMPTY_BODY = YES;
				CLANG_WARN_ENUM_CONVERSION = YES;
				CLANG_WARN_INFINITE_RECURSION = YES;
				CLANG_WARN_INT_CONVERSION = YES;
				CLANG_WARN_NON_LITERAL_NULL_CONVERSION = YES;
				CLANG_WARN_OBJC_IMPLICIT_RETAIN_SELF = YES;
				CLANG_WARN_OBJC_LITERAL_CONVERSION = YES;
				CLANG_WARN_OBJC_ROOT_CLASS = YES_ERROR;
				CLANG_WARN_QUOTED_INCLUDE_IN_FRAMEWORK_HEADER = YES;
				CLANG_WARN_RANGE_LOOP_ANALYSIS = YES;
				CLANG_WARN_STRICT_PROTOTYPES = YES;
				CLANG_WARN_SUSPICIOUS_MOVE = YES;
				CLANG_WARN_UNGUARDED_AVAILABILITY = YES_AGGRESSIVE;
				CLANG_WARN_UNREACHABLE_CODE = YES;
				CLANG_WARN__DUPLICATE_METHOD_MATCH = YES;
				COPY_PHASE_STRIP = NO;
				DEAD_CODE_STRIPPING = YES;
				DEBUG_INFORMATION_FORMAT = dwarf;
				ENABLE_STRICT_OBJC_MSGSEND = YES;
				ENABLE_TESTABILITY = YES;
				ENABLE_USER_SCRIPT_SANDBOXING = NO;
				GCC_C_LANGUAGE_STANDARD = gnu17;
				GCC_DYNAMIC_NO_PIC = NO;
				GCC_NO_COMMON_BLOCKS = YES;
				GCC_OPTIMIZATION_LEVEL = 0;
				GCC_PREPROCESSOR_DEFINITIONS = (
					"DEBUG=1",
					"$(inherited)",
				);
				GCC_WARN_64_TO_32_BIT_CONVERSION = YES;
				GCC_WARN_ABOUT_RETURN_TYPE = YES_ERROR;
				GCC_WARN_UNDECLARED_SELECTOR = YES;
				GCC_WARN_UNINITIALIZED_AUTOS = YES_AGGRESSIVE;
				GCC_WARN_UNUSED_FUNCTION = YES;
				GCC_WARN_UNUSED_VARIABLE = YES;
				LOCALIZATION_PREFERS_STRING_CATALOGS = YES;
				MTL_ENABLE_DEBUG_INFO = INCLUDE_SOURCE;
				MTL_FAST_MATH = YES;
				ONLY_ACTIVE_ARCH = YES;
				SDKROOT = macosx;
				SWIFT_ACTIVE_COMPILATION_CONDITIONS = "DEBUG $(inherited)";
				SWIFT_OPTIMIZATION_LEVEL = "-Onone";
			};
			name = Debug;
		};
		AC1AE0492AE0523400952CC4 /* Release */ = {
			isa = XCBuildConfiguration;
			buildSettings = {
				ALWAYS_SEARCH_USER_PATHS = NO;
				ASSETCATALOG_COMPILER_GENERATE_SWIFT_ASSET_SYMBOL_EXTENSIONS = YES;
				CLANG_ANALYZER_NONNULL = YES;
				CLANG_ANALYZER_NUMBER_OBJECT_CONVERSION = YES_AGGRESSIVE;
				CLANG_CXX_LANGUAGE_STANDARD = "gnu++20";
				CLANG_ENABLE_MODULES = YES;
				CLANG_ENABLE_OBJC_ARC = YES;
				CLANG_ENABLE_OBJC_WEAK = YES;
				CLANG_WARN_BLOCK_CAPTURE_AUTORELEASING = YES;
				CLANG_WARN_BOOL_CONVERSION = YES;
				CLANG_WARN_COMMA = YES;
				CLANG_WARN_CONSTANT_CONVERSION = YES;
				CLANG_WARN_DEPRECATED_OBJC_IMPLEMENTATIONS = YES;
				CLANG_WARN_DIRECT_OBJC_ISA_USAGE = YES_ERROR;
				CLANG_WARN_DOCUMENTATION_COMMENTS = YES;
				CLANG_WARN_EMPTY_BODY = YES;
				CLANG_WARN_ENUM_CONVERSION = YES;
				CLANG_WARN_INFINITE_RECURSION = YES;
				CLANG_WARN_INT_CONVERSION = YES;
				CLANG_WARN_NON_LITERAL_NULL_CONVERSION = YES;
				CLANG_WARN_OBJC_IMPLICIT_RETAIN_SELF = YES;
				CLANG_WARN_OBJC_LITERAL_CONVERSION = YES;
				CLANG_WARN_OBJC_ROOT_CLASS = YES_ERROR;
				CLANG_WARN_QUOTED_INCLUDE_IN_FRAMEWORK_HEADER = YES;
				CLANG_WARN_RANGE_LOOP_ANALYSIS = YES;
				CLANG_WARN_STRICT_PROTOTYPES = YES;
				CLANG_WARN_SUSPICIOUS_MOVE = YES;
				CLANG_WARN_UNGUARDED_AVAILABILITY = YES_AGGRESSIVE;
				CLANG_WARN_UNREACHABLE_CODE = YES;
				CLANG_WARN__DUPLICATE_METHOD_MATCH = YES;
				COPY_PHASE_STRIP = NO;
				DEAD_CODE_STRIPPING = YES;
				DEBUG_INFORMATION_FORMAT = "dwarf-with-dsym";
				ENABLE_NS_ASSERTIONS = NO;
				ENABLE_STRICT_OBJC_MSGSEND = YES;
				ENABLE_USER_SCRIPT_SANDBOXING = NO;
				GCC_C_LANGUAGE_STANDARD = gnu17;
				GCC_NO_COMMON_BLOCKS = YES;
				GCC_WARN_64_TO_32_BIT_CONVERSION = YES;
				GCC_WARN_ABOUT_RETURN_TYPE = YES_ERROR;
				GCC_WARN_UNDECLARED_SELECTOR = YES;
				GCC_WARN_UNINITIALIZED_AUTOS = YES_AGGRESSIVE;
				GCC_WARN_UNUSED_FUNCTION = YES;
				GCC_WARN_UNUSED_VARIABLE = YES;
				LOCALIZATION_PREFERS_STRING_CATALOGS = YES;
				MTL_ENABLE_DEBUG_INFO = NO;
				MTL_FAST_MATH = YES;
				SDKROOT = macosx;
				SWIFT_COMPILATION_MODE = wholemodule;
			};
			name = Release;
		};
		AC1AE04B2AE0523400952CC4 /* Debug */ = {
			isa = XCBuildConfiguration;
			baseConfigurationReference = AC3EF1BB2B4AEC400095BFB7 /* Config.xcconfig */;
			buildSettings = {
				ASSETCATALOG_COMPILER_APPICON_NAME = AppIcon;
				ASSETCATALOG_COMPILER_GLOBAL_ACCENT_COLOR_NAME = AccentColor;
				ASSETCATALOG_COMPILER_INCLUDE_ALL_APPICON_ASSETS = NO;
				CODE_SIGN_ENTITLEMENTS = "SubRip Resync/SubRip_Resync.entitlements";
				"CODE_SIGN_IDENTITY[sdk=macosx*]" = "Apple Development";
				CODE_SIGN_STYLE = Automatic;
				COMBINE_HIDPI_IMAGES = YES;
				CURRENT_PROJECT_VERSION = "$(BUILD_NUMBER)";
				DEAD_CODE_STRIPPING = YES;
				DEVELOPMENT_ASSET_PATHS = "\"SubRip Resync/Preview Content\"";
				DEVELOPMENT_TEAM = 67F5SYZYS2;
				ENABLE_HARDENED_RUNTIME = YES;
				ENABLE_PREVIEWS = YES;
				GENERATE_INFOPLIST_FILE = YES;
				INFOPLIST_KEY_LSApplicationCategoryType = "public.app-category.utilities";
				INFOPLIST_KEY_NSHumanReadableCopyright = "";
				LD_RUNPATH_SEARCH_PATHS = (
					"$(inherited)",
					"@executable_path/../Frameworks",
				);
				MACOSX_DEPLOYMENT_TARGET = 11.0;
				MARKETING_VERSION = "$(VERSION)";
				PRODUCT_BUNDLE_IDENTIFIER = "net.ryux51.subrip-resync";
				PRODUCT_NAME = "$(TARGET_NAME)";
				SWIFT_EMIT_LOC_STRINGS = YES;
				SWIFT_VERSION = 5.0;
			};
			name = Debug;
		};
		AC1AE04C2AE0523400952CC4 /* Release */ = {
			isa = XCBuildConfiguration;
			baseConfigurationReference = AC3EF1BB2B4AEC400095BFB7 /* Config.xcconfig */;
			buildSettings = {
				ASSETCATALOG_COMPILER_APPICON_NAME = AppIcon;
				ASSETCATALOG_COMPILER_GLOBAL_ACCENT_COLOR_NAME = AccentColor;
				ASSETCATALOG_COMPILER_INCLUDE_ALL_APPICON_ASSETS = NO;
				CODE_SIGN_ENTITLEMENTS = "SubRip Resync/SubRip_Resync.entitlements";
				"CODE_SIGN_IDENTITY[sdk=macosx*]" = "Apple Development";
				CODE_SIGN_STYLE = Automatic;
				COMBINE_HIDPI_IMAGES = YES;
				CURRENT_PROJECT_VERSION = "$(BUILD_NUMBER)";
				DEAD_CODE_STRIPPING = YES;
				DEVELOPMENT_ASSET_PATHS = "\"SubRip Resync/Preview Content\"";
				DEVELOPMENT_TEAM = 67F5SYZYS2;
				ENABLE_HARDENED_RUNTIME = YES;
				ENABLE_PREVIEWS = YES;
				GENERATE_INFOPLIST_FILE = YES;
				INFOPLIST_KEY_LSApplicationCategoryType = "public.app-category.utilities";
				INFOPLIST_KEY_NSHumanReadableCopyright = "";
				LD_RUNPATH_SEARCH_PATHS = (
					"$(inherited)",
					"@executable_path/../Frameworks",
				);
				MACOSX_DEPLOYMENT_TARGET = 11.0;
				MARKETING_VERSION = "$(VERSION)";
				PRODUCT_BUNDLE_IDENTIFIER = "net.ryux51.subrip-resync";
				PRODUCT_NAME = "$(TARGET_NAME)";
				SWIFT_EMIT_LOC_STRINGS = YES;
				SWIFT_VERSION = 5.0;
			};
			name = Release;
		};
/* End XCBuildConfiguration section */

/* Begin XCConfigurationList section */
		AC1AE0362AE0523300952CC4 /* Build configuration list for PBXProject "SubRip Resync" */ = {
			isa = XCConfigurationList;
			buildConfigurations = (
				AC1AE0482AE0523400952CC4 /* Debug */,
				AC1AE0492AE0523400952CC4 /* Release */,
			);
			defaultConfigurationIsVisible = 0;
			defaultConfigurationName = Release;
		};
		AC1AE04A2AE0523400952CC4 /* Build configuration list for PBXNativeTarget "SubRip Resync" */ = {
			isa = XCConfigurationList;
			buildConfigurations = (
				AC1AE04B2AE0523400952CC4 /* Debug */,
				AC1AE04C2AE0523400952CC4 /* Release */,
			);
			defaultConfigurationIsVisible = 0;
			defaultConfigurationName = Release;
		};
/* End XCConfigurationList section */
	};
	rootObject = AC1AE0332AE0523300952CC4 /* Project object */;
}
